
Microsoft Visual Studio Solution File, Format Version 12.00
# Visual Studio 15
VisualStudioVersion = 15.0.26403.7
MinimumVisualStudioVersion = 10.0.40219.1
Project("{2150E333-8FDC-42A3-9474-1A3956D46DE8}") = "_", "_", "{8CF2D2F6-BEFE-47FE-B141-0017FC6F97D8}"
	ProjectSection(SolutionItems) = preProject
		.gitignore = .gitignore
		.travis.yml = .travis.yml
		README.md = README.md
	EndProjectSection
EndProject
Project("{2150E333-8FDC-42A3-9474-1A3956D46DE8}") = "src", "src", "{EF9BFE2C-0386-4EC4-83EC-D7E315F56735}"
EndProject
Project("{9A19103F-16F7-4668-BE54-9A1E7A4F7556}") = "Hangfire.Raven", "src\Hangfire.Raven\Hangfire.Raven.csproj", "{BA18F6BF-5613-4B9D-A57A-C05C51148EC5}"
EndProject
Project("{2150E333-8FDC-42A3-9474-1A3956D46DE8}") = "samples", "samples", "{F42EDD6E-883B-4067-94AD-72EC7A095BF2}"
EndProject
Project("{FAE04EC0-301F-11D3-BF4B-00C04F79EFBC}") = "Hangfire.Raven.Samples.Console", "samples\Hangfire.Raven.Samples.Console\Hangfire.Raven.Samples.Console.csproj", "{F8880C71-C748-46DF-8F93-39859A73AAF8}"
EndProject
Project("{FAE04EC0-301F-11D3-BF4B-00C04F79EFBC}") = "Hangfire.Raven.Samples.AspNetCore", "samples\Hangfire.Raven.Samples.AspNetCore\Hangfire.Raven.Samples.AspNetCore.csproj", "{87E1FD42-C6CC-4F82-8B29-012636B5762F}"
EndProject
Global
	GlobalSection(SolutionConfigurationPlatforms) = preSolution
		Debug|Any CPU = Debug|Any CPU
		Release|Any CPU = Release|Any CPU
	EndGlobalSection
	GlobalSection(ProjectConfigurationPlatforms) = postSolution
		{BA18F6BF-5613-4B9D-A57A-C05C51148EC5}.Debug|Any CPU.ActiveCfg = Debug|Any CPU
		{BA18F6BF-5613-4B9D-A57A-C05C51148EC5}.Debug|Any CPU.Build.0 = Debug|Any CPU
		{BA18F6BF-5613-4B9D-A57A-C05C51148EC5}.Release|Any CPU.ActiveCfg = Release|Any CPU
		{BA18F6BF-5613-4B9D-A57A-C05C51148EC5}.Release|Any CPU.Build.0 = Release|Any CPU
		{F8880C71-C748-46DF-8F93-39859A73AAF8}.Debug|Any CPU.ActiveCfg = Debug|Any CPU
		{F8880C71-C748-46DF-8F93-39859A73AAF8}.Debug|Any CPU.Build.0 = Debug|Any CPU
		{F8880C71-C748-46DF-8F93-39859A73AAF8}.Release|Any CPU.ActiveCfg = Release|Any CPU
		{F8880C71-C748-46DF-8F93-39859A73AAF8}.Release|Any CPU.Build.0 = Release|Any CPU
		{87E1FD42-C6CC-4F82-8B29-012636B5762F}.Debug|Any CPU.ActiveCfg = Debug|Any CPU
		{87E1FD42-C6CC-4F82-8B29-012636B5762F}.Debug|Any CPU.Build.0 = Debug|Any CPU
		{87E1FD42-C6CC-4F82-8B29-012636B5762F}.Release|Any CPU.ActiveCfg = Release|Any CPU
		{87E1FD42-C6CC-4F82-8B29-012636B5762F}.Release|Any CPU.Build.0 = Release|Any CPU
	EndGlobalSection
	GlobalSection(SolutionProperties) = preSolution
		HideSolutionNode = FALSE
	EndGlobalSection
	GlobalSection(NestedProjects) = preSolution
		{BA18F6BF-5613-4B9D-A57A-C05C51148EC5} = {EF9BFE2C-0386-4EC4-83EC-D7E315F56735}
		{F8880C71-C748-46DF-8F93-39859A73AAF8} = {F42EDD6E-883B-4067-94AD-72EC7A095BF2}
		{87E1FD42-C6CC-4F82-8B29-012636B5762F} = {F42EDD6E-883B-4067-94AD-72EC7A095BF2}
	EndGlobalSection
EndGlobal
